
Microsoft Visual Studio Solution File, Format Version 12.00
# Visual Studio Version 17
VisualStudioVersion = 17.8.34330.188
MinimumVisualStudioVersion = 10.0.40219.1
Project("{FAE04EC0-301F-11D3-BF4B-00C04F79EFBC}") = "AzurePipeline", "AzurePipeline\AzurePipeline.csproj", "{423AF03A-F442-411F-93E8-EC98C2DC58A5}"
EndProject
Global
	GlobalSection(SolutionConfigurationPlatforms) = preSolution
		Debug|Any CPU = Debug|Any CPU
		Release|Any CPU = Release|Any CPU
	EndGlobalSection
	GlobalSection(ProjectConfigurationPlatforms) = postSolution
		{423AF03A-F442-411F-93E8-EC98C2DC58A5}.Debug|Any CPU.ActiveCfg = Debug|Any CPU
		{423AF03A-F442-411F-93E8-EC98C2DC58A5}.Debug|Any CPU.Build.0 = Debug|Any CPU
		{423AF03A-F442-411F-93E8-EC98C2DC58A5}.Release|Any CPU.ActiveCfg = Release|Any CPU
		{423AF03A-F442-411F-93E8-EC98C2DC58A5}.Release|Any CPU.Build.0 = Release|Any CPU
	EndGlobalSection
	GlobalSection(SolutionProperties) = preSolution
		HideSolutionNode = FALSE
	EndGlobalSection
	GlobalSection(ExtensibilityGlobals) = postSolution
		SolutionGuid = {84E7A144-4D80-424A-8EDA-29A3503EFC04}
	EndGlobalSection
EndGlobal
